
Microsoft Visual Studio Solution File, Format Version 12.00
Project("{FAE04EC0-301F-11D3-BF4B-00C04F79EFBC}") = "Quiz", "Quiz\Quiz.csproj", "{FCAB1CC3-0FF7-4DFD-AB1A-CC5C7BE6A76C}"
EndProject
Project("{2150E333-8FDC-42A3-9474-1A3956D46DE8}") = "Solution Items", "Solution Items", "{371791CD-2427-432B-A65D-22AC54BC6283}"
	ProjectSection(SolutionItems) = preProject
		compose.yaml = compose.yaml
	EndProjectSection
EndProject
Global
	GlobalSection(SolutionConfigurationPlatforms) = preSolution
		Debug|Any CPU = Debug|Any CPU
		Release|Any CPU = Release|Any CPU
	EndGlobalSection
	GlobalSection(ProjectConfigurationPlatforms) = postSolution
		{FCAB1CC3-0FF7-4DFD-AB1A-CC5C7BE6A76C}.Debug|Any CPU.ActiveCfg = Debug|Any CPU
		{FCAB1CC3-0FF7-4DFD-AB1A-CC5C7BE6A76C}.Debug|Any CPU.Build.0 = Debug|Any CPU
		{FCAB1CC3-0FF7-4DFD-AB1A-CC5C7BE6A76C}.Release|Any CPU.ActiveCfg = Release|Any CPU
		{FCAB1CC3-0FF7-4DFD-AB1A-CC5C7BE6A76C}.Release|Any CPU.Build.0 = Release|Any CPU
	EndGlobalSection
EndGlobal
